# This file is generated by running "yarn install" inside your project.
# Manual changes might be lost - proceed with caution!

__metadata:
  version: 8
  cacheKey: 10c0

"@types/node@npm:^18.11.18":
  version: 18.19.59
  resolution: "@types/node@npm:18.19.59::__archiveUrl=https%3A%2F%2Fpackages.atlassian.com%2Fapi%2Fnpm%2Fnpm-remote%2F%40types%2Fnode%2F-%2Fnode-18.19.59.tgz"
  dependencies:
    undici-types: "npm:~5.26.4"
  checksum: 10c0/6ef007a560b505eea8285f84cd9f689c6ec209ec15462bbc0a5cc9b69d19bcc6e0795ef74cd4edc77aac8d52001a49969f94a3cb4b26ff5987da943b835b9456
  languageName: node
  linkType: hard

"bar@npm:^1.0.0, bar@workspace:packages/bar":
  version: 0.0.0-use.local
  resolution: "bar@workspace:packages/bar"
  languageName: unknown
  linkType: soft

"foo@workspace:packages/foo":
  version: 0.0.0-use.local
  resolution: "foo@workspace:packages/foo"
  dependencies:
    bar: "npm:^1.0.0"
  languageName: unknown
  linkType: soft

"ts-project-references@workspace:.":
  version: 0.0.0-use.local
  resolution: "ts-project-references@workspace:."
  dependencies:
    "@types/node": "npm:^18.11.18"
    typescript: "npm:5.6.3"
  languageName: unknown
  linkType: soft

"typescript@npm:5.6.3":
  version: 5.6.3
  resolution: "typescript@npm:5.6.3::__archiveUrl=https%3A%2F%2Fpackages.atlassian.com%2Fapi%2Fnpm%2Fnpm-remote%2Ftypescript%2F-%2Ftypescript-5.6.3.tgz"
  bin:
    tsc: bin/tsc
    tsserver: bin/tsserver
  checksum: 10c0/44f61d3fb15c35359bc60399cb8127c30bae554cd555b8e2b46d68fa79d680354b83320ad419ff1b81a0bdf324197b29affe6cc28988cd6a74d4ac60c94f9799
  languageName: node
  linkType: hard

"typescript@patch:typescript@npm%3A5.6.3#optional!builtin<compat/typescript>":
  version: 5.6.3
  resolution: "typescript@patch:typescript@npm%3A5.6.3%3A%3A__archiveUrl=https%253A%252F%252Fpackages.atlassian.com%252Fapi%252Fnpm%252Fnpm-remote%252Ftypescript%252F-%252Ftypescript-5.6.3.tgz#optional!builtin<compat/typescript>::version=5.6.3&hash=8c6c40"
  bin:
    tsc: bin/tsc
    tsserver: bin/tsserver
  checksum: 10c0/7c9d2e07c81226d60435939618c91ec2ff0b75fbfa106eec3430f0fcf93a584bc6c73176676f532d78c3594fe28a54b36eb40b3d75593071a7ec91301533ace7
  languageName: node
  linkType: hard

"undici-types@npm:~5.26.4":
  version: 5.26.5
  resolution: "undici-types@npm:5.26.5::__archiveUrl=https%3A%2F%2Fpackages.atlassian.com%2Fapi%2Fnpm%2Fnpm-remote%2Fundici-types%2F-%2Fundici-types-5.26.5.tgz"
  checksum: 10c0/bb673d7876c2d411b6eb6c560e0c571eef4a01c1c19925175d16e3a30c4c428181fb8d7ae802a261f283e4166a0ac435e2f505743aa9e45d893f9a3df017b501
  languageName: node
  linkType: hard
